
Microsoft Visual Studio Solution File, Format Version 12.00
# Visual Studio Version 17
VisualStudioVersion = 17.6.33815.320
MinimumVisualStudioVersion = 10.0.40219.1
Project("{9A19103F-16F7-4668-BE54-9A1E7A4F7556}") = "Milestone1", "Milestone1\Milestone1.csproj", "{BF5C1D21-6A18-4F62-BC9F-2B8BBC61B54A}"
EndProject
Global
	GlobalSection(SolutionConfigurationPlatforms) = preSolution
		Debug|Any CPU = Debug|Any CPU
		Release|Any CPU = Release|Any CPU
	EndGlobalSection
	GlobalSection(ProjectConfigurationPlatforms) = postSolution
		{BF5C1D21-6A18-4F62-BC9F-2B8BBC61B54A}.Debug|Any CPU.ActiveCfg = Debug|Any CPU
		{BF5C1D21-6A18-4F62-BC9F-2B8BBC61B54A}.Debug|Any CPU.Build.0 = Debug|Any CPU
		{BF5C1D21-6A18-4F62-BC9F-2B8BBC61B54A}.Release|Any CPU.ActiveCfg = Release|Any CPU
		{BF5C1D21-6A18-4F62-BC9F-2B8BBC61B54A}.Release|Any CPU.Build.0 = Release|Any CPU
	EndGlobalSection
	GlobalSection(SolutionProperties) = preSolution
		HideSolutionNode = FALSE
	EndGlobalSection
	GlobalSection(ExtensibilityGlobals) = postSolution
		SolutionGuid = {C40DE86C-A30D-472A-9639-FA4B3405B5F0}
	EndGlobalSection
EndGlobal
